
Microsoft Visual Studio Solution File, Format Version 12.00
# Visual Studio Version 17
VisualStudioVersion = 17.10.35027.167
MinimumVisualStudioVersion = 10.0.40219.1
Project("{9A19103F-16F7-4668-BE54-9A1E7A4F7556}") = "TcPlatWebApp", "TcPlatWebApp\TcPlatWebApp.csproj", "{356AFBA5-E33A-4A8E-AA0E-4A0A0BD03533}"
EndProject
Project("{9A19103F-16F7-4668-BE54-9A1E7A4F7556}") = "SQLDatAccessLibrary", "SQLDatAccessLibrary\SQLDatAccessLibrary.csproj", "{3E600688-4B4B-482C-9155-F95A72F01CF4}"
EndProject
Global
	GlobalSection(SolutionConfigurationPlatforms) = preSolution
		Debug|Any CPU = Debug|Any CPU
		Release|Any CPU = Release|Any CPU
	EndGlobalSection
	GlobalSection(ProjectConfigurationPlatforms) = postSolution
		{356AFBA5-E33A-4A8E-AA0E-4A0A0BD03533}.Debug|Any CPU.ActiveCfg = Debug|Any CPU
		{356AFBA5-E33A-4A8E-AA0E-4A0A0BD03533}.Debug|Any CPU.Build.0 = Debug|Any CPU
		{356AFBA5-E33A-4A8E-AA0E-4A0A0BD03533}.Release|Any CPU.ActiveCfg = Release|Any CPU
		{356AFBA5-E33A-4A8E-AA0E-4A0A0BD03533}.Release|Any CPU.Build.0 = Release|Any CPU
		{3E600688-4B4B-482C-9155-F95A72F01CF4}.Debug|Any CPU.ActiveCfg = Debug|Any CPU
		{3E600688-4B4B-482C-9155-F95A72F01CF4}.Debug|Any CPU.Build.0 = Debug|Any CPU
		{3E600688-4B4B-482C-9155-F95A72F01CF4}.Release|Any CPU.ActiveCfg = Release|Any CPU
		{3E600688-4B4B-482C-9155-F95A72F01CF4}.Release|Any CPU.Build.0 = Release|Any CPU
	EndGlobalSection
	GlobalSection(SolutionProperties) = preSolution
		HideSolutionNode = FALSE
	EndGlobalSection
	GlobalSection(ExtensibilityGlobals) = postSolution
		SolutionGuid = {6F9FDB90-0B75-48D5-9B19-756ED4E50652}
	EndGlobalSection
EndGlobal
